github.com/davecgh/go-spew v1.1.1 h1:vj9j/u1bqnvCEfJOwUhtlOARqs3+rkHYY13jYWTU97c=
github.com/felixge/httpsnoop v1.0.3 h1:s/nj+GCswXYzN5v2DpNMuMQYe+0DDwt5WVCU6CWBdXk=
github.com/felixge/httpsnoop v1.0.3/go.mod h1:m8KPJKqk1gH5J9DgRY2ASl2lWCfGKXixSwevea8zH2U=
github.com/go-http-utils/headers v0.0.0-20181008091004-fed159eddc2a h1:v6zMvHuY9yue4+QkG/HQ/W67wvtQmWJ4SDo9aK/GIno=
github.com/go-http-utils/headers v0.0.0-20181008091004-fed159eddc2a/go.mod h1:I79BieaU4fxrw4LMXby6q5OS9XnoR9UIKLOzDFjUmuw=
github.com/google/uuid v1.3.0 h1:t6JiXgmwXMjEs8VusXIJk2BXHsn+wx8BZdTaoZ5fu7I=
github.com/google/uuid v1.3.0/go.mod h1:TIyPZe4MgqvfeYDBFedMoGGpEw/LqOeaOT+nhxU+yHo=
github.com/gotemplates/core v0.0.0-20230310182159-17156127927e h1:gCCRYc0N6uMUiYkP4GcPgX4oEJa6rnn4QOQZJj0hlA4=
github.com/gotemplates/core v0.0.0-20230310182159-17156127927e/go.mod h1:3ZoyfukQrZx/s3AZqCo0+Cul2laxnBT2yNqG8eeC6Ig=
github.com/gotemplates/core v0.0.0-20230315175017-da0fd6576946 h1:TlHZaUXA1dAH0gG12ZG/Y7YoPzAUR1OYgxeQmPLw/n4=
github.com/gotemplates/core v0.0.0-20230315175017-da0fd6576946/go.mod h1:3ZoyfukQrZx/s3AZqCo0+Cul2laxnBT2yNqG8eeC6Ig=
github.com/gotemplates/core v0.0.0-20230317133627-a1964ea8616b h1:ZAeZ95u9OkcvE/z8b/tENfGP54pA89MjIBSQy7cYI9w=
github.com/gotemplates/core v0.0.0-20230317133627-a1964ea8616b/go.mod h1:3ZoyfukQrZx/s3AZqCo0+Cul2laxnBT2yNqG8eeC6Ig=
github.com/gotemplates/host v0.0.0-20230310182525-83edea280cdc h1:6sey37aArVqTP8JJBjTCxR10fasMLlNPcDx7U0a/oxg=
github.com/gotemplates/host v0.0.0-20230310182525-83edea280cdc/go.mod h1:v21tDjNpssOrIEE20+jC2TfG57IPmm+aBNnC4ddHqx4=
github.com/gotemplates/host v0.0.0-20230310192549-c42ae29d248c h1:PtI7q/5QX6Ty1nJr3IwWUmwCJFSt6qVtGZkUsM592PI=
github.com/gotemplates/host v0.0.0-20230310192549-c42ae29d248c/go.mod h1:v21tDjNpssOrIEE20+jC2TfG57IPmm+aBNnC4ddHqx4=
github.com/gotemplates/host v0.0.0-20230315124507-0d32d561fb8a h1:BKEAg7Ys8bY+K4pwoC7Ij5XR0saecnL974a52dLPk2s=
github.com/gotemplates/host v0.0.0-20230315124507-0d32d561fb8a/go.mod h1:v21tDjNpssOrIEE20+jC2TfG57IPmm+aBNnC4ddHqx4=
github.com/pmezard/go-difflib v1.0.0 h1:4DBwDE0NGyQoBHbLQYPwSUPoCMWR5BEzIk/f1lZbAQM=
github.com/stretchr/testify v1.8.2 h1:+h33VjcLVPDHtOdpUCuF+7gSuG3yGIftsP1YvFihtJ8=
golang.org/x/time v0.3.0 h1:rg5rLMjNzMS1RkNLzCG38eapWhnYLFYXDXj2gOlr8j4=
golang.org/x/time v0.3.0/go.mod h1:tRJNPiyCQ0inRvYxbN9jk5I+vvW/OXSQhTDSoE431IQ=
google.golang.org/genproto v0.0.0-20230110181048-76db0878b65f h1:BWUVssLB0HVOSY78gIdvk1dTVYtT1y8SBWtPYuTJ/6w=
google.golang.org/grpc v1.53.0 h1:LAv2ds7cmFV/XTS3XG1NneeENYrXGmorPxsBbptIjNc=
google.golang.org/grpc v1.53.0/go.mod h1:OnIrk0ipVdj4N5d9IUoFUx72/VlD7+jUsHwZgwSMQpw=
google.golang.org/protobuf v1.28.1 h1:d0NfwRgPtno5B1Wa6L2DAG+KivqkdutMf1UhdNx175w=
gopkg.in/yaml.v3 v3.0.1 h1:fxVm/GzAzEWqLHuvctI91KS9hhNmmWOoWu0XTYJS7CA=
